
Microsoft Visual Studio Solution File, Format Version 12.00
# Visual Studio Version 16
VisualStudioVersion = 16.0.30330.147
MinimumVisualStudioVersion = 10.0.40219.1
Project("{8BC9CEB8-8B4A-11D0-8D11-00A0C91BC942}") = "node3", "node3\node3.vcxproj", "{07143645-55E3-47BC-810A-E52985AAF657}"
EndProject
Global
	GlobalSection(SolutionConfigurationPlatforms) = preSolution
		Debug|x64 = Debug|x64
		Debug|x86 = Debug|x86
		Release|x64 = Release|x64
		Release|x86 = Release|x86
	EndGlobalSection
	GlobalSection(ProjectConfigurationPlatforms) = postSolution
		{07143645-55E3-47BC-810A-E52985AAF657}.Debug|x64.ActiveCfg = Debug|x64
		{07143645-55E3-47BC-810A-E52985AAF657}.Debug|x64.Build.0 = Debug|x64
		{07143645-55E3-47BC-810A-E52985AAF657}.Debug|x86.ActiveCfg = Debug|Win32
		{07143645-55E3-47BC-810A-E52985AAF657}.Debug|x86.Build.0 = Debug|Win32
		{07143645-55E3-47BC-810A-E52985AAF657}.Release|x64.ActiveCfg = Release|x64
		{07143645-55E3-47BC-810A-E52985AAF657}.Release|x64.Build.0 = Release|x64
		{07143645-55E3-47BC-810A-E52985AAF657}.Release|x86.ActiveCfg = Release|Win32
		{07143645-55E3-47BC-810A-E52985AAF657}.Release|x86.Build.0 = Release|Win32
	EndGlobalSection
	GlobalSection(SolutionProperties) = preSolution
		HideSolutionNode = FALSE
	EndGlobalSection
	GlobalSection(ExtensibilityGlobals) = postSolution
		SolutionGuid = {420BDB39-996F-488A-AEC5-2A4AFDE07D09}
	EndGlobalSection
EndGlobal
